<?xml version="1.0" encoding="utf-8"?>
<Project ToolsVersion="4.0" xmlns="http://schemas.microsoft.com/developer/msbuild/2003">
  <ItemGroup>
    <Filter Include="Pliki źródłowe">
      <UniqueIdentifier>{4FC737F1-C7A5-4376-A066-2A32D752A2FF}</UniqueIdentifier>
      <Extensions>cpp;c;cc;cxx;c++;cppm;ixx;def;odl;idl;hpj;bat;asm;asmx</Extensions>
    </Filter>
    <Filter Include="Pliki nagłówkowe">
      <UniqueIdentifier>{93995380-89BD-4b04-88EB-625FBE52EBFB}</UniqueIdentifier>
      <Extensions>h;hh;hpp;hxx;h++;hm;inl;inc;ipp;xsd</Extensions>
    </Filter>
    <Filter Include="Pliki zasobów">
      <UniqueIdentifier>{67DA6AB6-F800-4c08-8B7A-83BB121AAD01}</UniqueIdentifier>
      <Extensions>rc;ico;cur;bmp;dlg;rc2;rct;bin;rgs;gif;jpg;jpeg;jpe;resx;tiff;tif;png;wav;mfcribbon-ms</Extensions>
    </Filter>
  </ItemGroup>
  <ItemGroup>
    <ClCompile Include="main.cpp">
      <Filter>Pliki źródłowe</Filter>
    </ClCompile>
    <ClCompile Include="horner.cpp">
      <Filter>Pliki źródłowe</Filter>
    </ClCompile>
    <ClCompile Include="interpolations.cpp">
      <Filter>Pliki źródłowe</Filter>
    </ClCompile>
    <ClCompile Include="linearequations .cpp">
      <Filter>Pliki źródłowe</Filter>
    </ClCompile>
    <ClCompile Include="UI.cpp">
      <Filter>Pliki źródłowe</Filter>
    </ClCompile>
    <ClCompile Include="integration.cpp">
      <Filter>Pliki źródłowe</Filter>
    </ClCompile>
    <ClCompile Include="approximation.cpp">
      <Filter>Pliki źródłowe</Filter>
    </ClCompile>
  </ItemGroup>
  <ItemGroup>
    <ClInclude Include="headers.h">
      <Filter>Pliki nagłówkowe</Filter>
    </ClInclude>
  </ItemGroup>
  <ItemGroup>
    <None Include="data\polynomial-1-v2.csv">
      <Filter>Pliki zasobów</Filter>
    </None>
    <None Include="data\polynomial-2-v2.csv">
      <Filter>Pliki zasobów</Filter>
    </None>
    <None Include="data\polynomial-3-v2.csv">
      <Filter>Pliki zasobów</Filter>
    </None>
    <None Include="data\polynomial-4-v2.csv">
      <Filter>Pliki zasobów</Filter>
    </None>
  </ItemGroup>
  <ItemGroup>
    <Text Include="data\matrix3.txt">
      <Filter>Pliki zasobów</Filter>
    </Text>
    <Text Include="data\matrix1.txt">
      <Filter>Pliki zasobów</Filter>
    </Text>
    <Text Include="data\matrix2.txt">
      <Filter>Pliki zasobów</Filter>
    </Text>
    <Text Include="data\points1.txt">
      <Filter>Pliki zasobów</Filter>
    </Text>
    <Text Include="data\points2.txt">
      <Filter>Pliki zasobów</Filter>
    </Text>
    <Text Include="data\coefficientsL5.txt">
      <Filter>Pliki zasobów</Filter>
    </Text>
    <Text Include="data\coefficients2L5.txt">
      <Filter>Pliki zasobów</Filter>
    </Text>
    <Text Include="data\abscissae3.txt">
      <Filter>Pliki zasobów</Filter>
    </Text>
    <Text Include="data\abscissae4.txt">
      <Filter>Pliki zasobów</Filter>
    </Text>
    <Text Include="data\abscissae5.txt">
      <Filter>Pliki zasobów</Filter>
    </Text>
    <Text Include="data\abscissae2.txt">
      <Filter>Pliki zasobów</Filter>
    </Text>
  </ItemGroup>
</Project>